
Microsoft Visual Studio Solution File, Format Version 12.00
# Visual Studio Version 16
VisualStudioVersion = 16.0.31702.278
MinimumVisualStudioVersion = 10.0.40219.1
Project("{8BC9CEB8-8B4A-11D0-8D11-00A0C91BC942}") = "p03_01_01_27_Бахтин.cpp", "p03_01_01_27_Бахтин.cpp\p03_01_01_27_Бахтин.cpp.vcxproj", "{BA206660-0F4A-4CBB-A91F-7275605E70FC}"
EndProject
Global
	GlobalSection(SolutionConfigurationPlatforms) = preSolution
		Debug|x64 = Debug|x64
		Debug|x86 = Debug|x86
		Release|x64 = Release|x64
		Release|x86 = Release|x86
	EndGlobalSection
	GlobalSection(ProjectConfigurationPlatforms) = postSolution
		{BA206660-0F4A-4CBB-A91F-7275605E70FC}.Debug|x64.ActiveCfg = Debug|x64
		{BA206660-0F4A-4CBB-A91F-7275605E70FC}.Debug|x64.Build.0 = Debug|x64
		{BA206660-0F4A-4CBB-A91F-7275605E70FC}.Debug|x86.ActiveCfg = Debug|Win32
		{BA206660-0F4A-4CBB-A91F-7275605E70FC}.Debug|x86.Build.0 = Debug|Win32
		{BA206660-0F4A-4CBB-A91F-7275605E70FC}.Release|x64.ActiveCfg = Release|x64
		{BA206660-0F4A-4CBB-A91F-7275605E70FC}.Release|x64.Build.0 = Release|x64
		{BA206660-0F4A-4CBB-A91F-7275605E70FC}.Release|x86.ActiveCfg = Release|Win32
		{BA206660-0F4A-4CBB-A91F-7275605E70FC}.Release|x86.Build.0 = Release|Win32
	EndGlobalSection
	GlobalSection(SolutionProperties) = preSolution
		HideSolutionNode = FALSE
	EndGlobalSection
	GlobalSection(ExtensibilityGlobals) = postSolution
		SolutionGuid = {A8CDF065-6AFB-4228-8C3E-E307FAAA711E}
	EndGlobalSection
EndGlobal
